
Microsoft Visual Studio Solution File, Format Version 12.00
# Visual Studio Version 17
VisualStudioVersion = 17.12.35527.113
MinimumVisualStudioVersion = 10.0.40219.1
Project("{FAE04EC0-301F-11D3-BF4B-00C04F79EFBC}") = "Product.Api", "Product\src\Product.Api\Product.Api.csproj", "{AF07D7CC-4FD3-4599-AA98-E7000EE257BD}"
EndProject
Project("{2150E333-8FDC-42A3-9474-1A3956D46DE8}") = "Product", "Product", "{90A9F870-231B-47E0-87E9-6BAF4B8F1EAE}"
EndProject
Project("{FAE04EC0-301F-11D3-BF4B-00C04F79EFBC}") = "Product.Business", "Product\src\Product.Business\Product.Business.csproj", "{BC1266C0-2DB2-43D8-89EC-FAAF420E6E20}"
EndProject
Project("{FAE04EC0-301F-11D3-BF4B-00C04F79EFBC}") = "Product.Infra", "Product\src\Product.Infra\Product.Infra.csproj", "{3DC31E0B-0443-487C-AE38-BFCD60B146E0}"
EndProject
Project("{2150E333-8FDC-42A3-9474-1A3956D46DE8}") = "src", "src", "{3337050C-0FAB-43FE-B25D-02E099695C11}"
EndProject
Project("{2150E333-8FDC-42A3-9474-1A3956D46DE8}") = "tests", "tests", "{34F84E67-C697-4B97-AF20-111A4C4C6405}"
EndProject
Project("{2150E333-8FDC-42A3-9474-1A3956D46DE8}") = "Auth", "Auth", "{2231B270-73CD-44FB-91DD-1E4B63464B24}"
EndProject
Project("{2150E333-8FDC-42A3-9474-1A3956D46DE8}") = "src", "src", "{B7EA157E-3917-4A2B-AD0D-F39F02E6D23C}"
EndProject
Project("{FAE04EC0-301F-11D3-BF4B-00C04F79EFBC}") = "Auth.Api", "Auth\src\Auth.Api\Auth.Api.csproj", "{D5EAD91F-3E57-4660-A23A-4C5C79AE987A}"
EndProject
Project("{FAE04EC0-301F-11D3-BF4B-00C04F79EFBC}") = "Auth.Business", "Auth\src\Auth.Business\Auth.Business.csproj", "{514BF8E2-AC7C-4303-B2A9-364B9AD36393}"
EndProject
Project("{FAE04EC0-301F-11D3-BF4B-00C04F79EFBC}") = "Auth.Infra", "Auth\src\Auth.Infra\Auth.Infra.csproj", "{5A59CD6B-F62F-4706-B59B-51301C7EE256}"
EndProject
Project("{2150E333-8FDC-42A3-9474-1A3956D46DE8}") = "tests", "tests", "{4038C38F-F795-47BF-8615-037D619759C6}"
EndProject
Project("{2150E333-8FDC-42A3-9474-1A3956D46DE8}") = "SharedKernel", "SharedKernel", "{D8CFF718-7437-4EEB-8B9D-F29665039414}"
EndProject
Project("{FAE04EC0-301F-11D3-BF4B-00C04F79EFBC}") = "SharedKernel", "SharedKernel\src\SharedKernel\SharedKernel.csproj", "{741B2CF5-C065-4C56-9869-70EFBE10206F}"
EndProject
Project("{2150E333-8FDC-42A3-9474-1A3956D46DE8}") = "src", "src", "{B729D694-CA15-4582-84CB-927352803BD1}"
EndProject
Project("{2150E333-8FDC-42A3-9474-1A3956D46DE8}") = "tests", "tests", "{BA14F69D-68D1-4325-9473-B3C76A9B0023}"
EndProject
Project("{FAE04EC0-301F-11D3-BF4B-00C04F79EFBC}") = "SharedKernel.Test", "SharedKernel\tests\SharedKernel.Test\SharedKernel.Test.csproj", "{C9D2C265-D9D3-4D1C-B8EA-7D4893430B58}"
EndProject
Project("{FAE04EC0-301F-11D3-BF4B-00C04F79EFBC}") = "Auth.Business.Test", "Auth\tests\Auth.Business.Test\Auth.Business.Test.csproj", "{2623FE43-EF4F-490D-80E5-F35ECE6DCAC5}"
EndProject
Project("{FAE04EC0-301F-11D3-BF4B-00C04F79EFBC}") = "Product.Business.Test", "Product\tests\Product.Business.Test\Product.Business.Test.csproj", "{35010F86-2091-49C9-B4C4-BE4FC0BBC062}"
EndProject
Global
	GlobalSection(SolutionConfigurationPlatforms) = preSolution
		Debug|Any CPU = Debug|Any CPU
		Release|Any CPU = Release|Any CPU
	EndGlobalSection
	GlobalSection(ProjectConfigurationPlatforms) = postSolution
		{AF07D7CC-4FD3-4599-AA98-E7000EE257BD}.Debug|Any CPU.ActiveCfg = Debug|Any CPU
		{AF07D7CC-4FD3-4599-AA98-E7000EE257BD}.Debug|Any CPU.Build.0 = Debug|Any CPU
		{AF07D7CC-4FD3-4599-AA98-E7000EE257BD}.Release|Any CPU.ActiveCfg = Release|Any CPU
		{AF07D7CC-4FD3-4599-AA98-E7000EE257BD}.Release|Any CPU.Build.0 = Release|Any CPU
		{BC1266C0-2DB2-43D8-89EC-FAAF420E6E20}.Debug|Any CPU.ActiveCfg = Debug|Any CPU
		{BC1266C0-2DB2-43D8-89EC-FAAF420E6E20}.Debug|Any CPU.Build.0 = Debug|Any CPU
		{BC1266C0-2DB2-43D8-89EC-FAAF420E6E20}.Release|Any CPU.ActiveCfg = Release|Any CPU
		{BC1266C0-2DB2-43D8-89EC-FAAF420E6E20}.Release|Any CPU.Build.0 = Release|Any CPU
		{3DC31E0B-0443-487C-AE38-BFCD60B146E0}.Debug|Any CPU.ActiveCfg = Debug|Any CPU
		{3DC31E0B-0443-487C-AE38-BFCD60B146E0}.Debug|Any CPU.Build.0 = Debug|Any CPU
		{3DC31E0B-0443-487C-AE38-BFCD60B146E0}.Release|Any CPU.ActiveCfg = Release|Any CPU
		{3DC31E0B-0443-487C-AE38-BFCD60B146E0}.Release|Any CPU.Build.0 = Release|Any CPU
		{D5EAD91F-3E57-4660-A23A-4C5C79AE987A}.Debug|Any CPU.ActiveCfg = Debug|Any CPU
		{D5EAD91F-3E57-4660-A23A-4C5C79AE987A}.Debug|Any CPU.Build.0 = Debug|Any CPU
		{D5EAD91F-3E57-4660-A23A-4C5C79AE987A}.Release|Any CPU.ActiveCfg = Release|Any CPU
		{D5EAD91F-3E57-4660-A23A-4C5C79AE987A}.Release|Any CPU.Build.0 = Release|Any CPU
		{514BF8E2-AC7C-4303-B2A9-364B9AD36393}.Debug|Any CPU.ActiveCfg = Debug|Any CPU
		{514BF8E2-AC7C-4303-B2A9-364B9AD36393}.Debug|Any CPU.Build.0 = Debug|Any CPU
		{514BF8E2-AC7C-4303-B2A9-364B9AD36393}.Release|Any CPU.ActiveCfg = Release|Any CPU
		{514BF8E2-AC7C-4303-B2A9-364B9AD36393}.Release|Any CPU.Build.0 = Release|Any CPU
		{5A59CD6B-F62F-4706-B59B-51301C7EE256}.Debug|Any CPU.ActiveCfg = Debug|Any CPU
		{5A59CD6B-F62F-4706-B59B-51301C7EE256}.Debug|Any CPU.Build.0 = Debug|Any CPU
		{5A59CD6B-F62F-4706-B59B-51301C7EE256}.Release|Any CPU.ActiveCfg = Release|Any CPU
		{5A59CD6B-F62F-4706-B59B-51301C7EE256}.Release|Any CPU.Build.0 = Release|Any CPU
		{741B2CF5-C065-4C56-9869-70EFBE10206F}.Debug|Any CPU.ActiveCfg = Debug|Any CPU
		{741B2CF5-C065-4C56-9869-70EFBE10206F}.Debug|Any CPU.Build.0 = Debug|Any CPU
		{741B2CF5-C065-4C56-9869-70EFBE10206F}.Release|Any CPU.ActiveCfg = Release|Any CPU
		{741B2CF5-C065-4C56-9869-70EFBE10206F}.Release|Any CPU.Build.0 = Release|Any CPU
		{C9D2C265-D9D3-4D1C-B8EA-7D4893430B58}.Debug|Any CPU.ActiveCfg = Debug|Any CPU
		{C9D2C265-D9D3-4D1C-B8EA-7D4893430B58}.Debug|Any CPU.Build.0 = Debug|Any CPU
		{C9D2C265-D9D3-4D1C-B8EA-7D4893430B58}.Release|Any CPU.ActiveCfg = Release|Any CPU
		{C9D2C265-D9D3-4D1C-B8EA-7D4893430B58}.Release|Any CPU.Build.0 = Release|Any CPU
		{2623FE43-EF4F-490D-80E5-F35ECE6DCAC5}.Debug|Any CPU.ActiveCfg = Debug|Any CPU
		{2623FE43-EF4F-490D-80E5-F35ECE6DCAC5}.Debug|Any CPU.Build.0 = Debug|Any CPU
		{2623FE43-EF4F-490D-80E5-F35ECE6DCAC5}.Release|Any CPU.ActiveCfg = Release|Any CPU
		{2623FE43-EF4F-490D-80E5-F35ECE6DCAC5}.Release|Any CPU.Build.0 = Release|Any CPU
		{35010F86-2091-49C9-B4C4-BE4FC0BBC062}.Debug|Any CPU.ActiveCfg = Debug|Any CPU
		{35010F86-2091-49C9-B4C4-BE4FC0BBC062}.Debug|Any CPU.Build.0 = Debug|Any CPU
		{35010F86-2091-49C9-B4C4-BE4FC0BBC062}.Release|Any CPU.ActiveCfg = Release|Any CPU
		{35010F86-2091-49C9-B4C4-BE4FC0BBC062}.Release|Any CPU.Build.0 = Release|Any CPU
	EndGlobalSection
	GlobalSection(SolutionProperties) = preSolution
		HideSolutionNode = FALSE
	EndGlobalSection
	GlobalSection(NestedProjects) = preSolution
		{AF07D7CC-4FD3-4599-AA98-E7000EE257BD} = {3337050C-0FAB-43FE-B25D-02E099695C11}
		{BC1266C0-2DB2-43D8-89EC-FAAF420E6E20} = {3337050C-0FAB-43FE-B25D-02E099695C11}
		{3DC31E0B-0443-487C-AE38-BFCD60B146E0} = {3337050C-0FAB-43FE-B25D-02E099695C11}
		{3337050C-0FAB-43FE-B25D-02E099695C11} = {90A9F870-231B-47E0-87E9-6BAF4B8F1EAE}
		{34F84E67-C697-4B97-AF20-111A4C4C6405} = {90A9F870-231B-47E0-87E9-6BAF4B8F1EAE}
		{B7EA157E-3917-4A2B-AD0D-F39F02E6D23C} = {2231B270-73CD-44FB-91DD-1E4B63464B24}
		{D5EAD91F-3E57-4660-A23A-4C5C79AE987A} = {B7EA157E-3917-4A2B-AD0D-F39F02E6D23C}
		{514BF8E2-AC7C-4303-B2A9-364B9AD36393} = {B7EA157E-3917-4A2B-AD0D-F39F02E6D23C}
		{5A59CD6B-F62F-4706-B59B-51301C7EE256} = {B7EA157E-3917-4A2B-AD0D-F39F02E6D23C}
		{4038C38F-F795-47BF-8615-037D619759C6} = {2231B270-73CD-44FB-91DD-1E4B63464B24}
		{741B2CF5-C065-4C56-9869-70EFBE10206F} = {B729D694-CA15-4582-84CB-927352803BD1}
		{B729D694-CA15-4582-84CB-927352803BD1} = {D8CFF718-7437-4EEB-8B9D-F29665039414}
		{BA14F69D-68D1-4325-9473-B3C76A9B0023} = {D8CFF718-7437-4EEB-8B9D-F29665039414}
		{C9D2C265-D9D3-4D1C-B8EA-7D4893430B58} = {BA14F69D-68D1-4325-9473-B3C76A9B0023}
		{2623FE43-EF4F-490D-80E5-F35ECE6DCAC5} = {4038C38F-F795-47BF-8615-037D619759C6}
		{35010F86-2091-49C9-B4C4-BE4FC0BBC062} = {34F84E67-C697-4B97-AF20-111A4C4C6405}
	EndGlobalSection
EndGlobal
